
Microsoft Visual Studio Solution File, Format Version 12.00
Project("{FAE04EC0-301F-11D3-BF4B-00C04F79EFBC}") = "projeto-calculadora", "projeto-calculadora\projeto-calculadora.csproj", "{4EC11C32-51A1-47E8-8A37-DCE3900E82E2}"
	ProjectSection(ProjectDependencies) = postProject
		{1BF4994C-916A-481E-A790-50EB05BD465D} = {1BF4994C-916A-481E-A790-50EB05BD465D}
	EndProjectSection
EndProject
Project("{FAE04EC0-301F-11D3-BF4B-00C04F79EFBC}") = "calculadora-testes", "calculadora-testes\calculadora-testes.csproj", "{1BF4994C-916A-481E-A790-50EB05BD465D}"
EndProject
Global
	GlobalSection(SolutionConfigurationPlatforms) = preSolution
		Debug|Any CPU = Debug|Any CPU
		Release|Any CPU = Release|Any CPU
	EndGlobalSection
	GlobalSection(ProjectConfigurationPlatforms) = postSolution
		{4EC11C32-51A1-47E8-8A37-DCE3900E82E2}.Debug|Any CPU.ActiveCfg = Debug|Any CPU
		{4EC11C32-51A1-47E8-8A37-DCE3900E82E2}.Debug|Any CPU.Build.0 = Debug|Any CPU
		{4EC11C32-51A1-47E8-8A37-DCE3900E82E2}.Release|Any CPU.ActiveCfg = Release|Any CPU
		{4EC11C32-51A1-47E8-8A37-DCE3900E82E2}.Release|Any CPU.Build.0 = Release|Any CPU
		{1BF4994C-916A-481E-A790-50EB05BD465D}.Debug|Any CPU.ActiveCfg = Debug|Any CPU
		{1BF4994C-916A-481E-A790-50EB05BD465D}.Debug|Any CPU.Build.0 = Debug|Any CPU
		{1BF4994C-916A-481E-A790-50EB05BD465D}.Release|Any CPU.ActiveCfg = Release|Any CPU
		{1BF4994C-916A-481E-A790-50EB05BD465D}.Release|Any CPU.Build.0 = Release|Any CPU
	EndGlobalSection
EndGlobal
